<?xml version="1.0" encoding="utf-8"?>
<Project ToolsVersion="4.0" xmlns="http://schemas.microsoft.com/developer/msbuild/2003">
  <ItemGroup>
    <Filter Include="Source Files">
      <UniqueIdentifier>{4FC737F1-C7A5-4376-A066-2A32D752A2FF}</UniqueIdentifier>
      <Extensions>cpp;c;cc;cxx;c++;cppm;ixx;def;odl;idl;hpj;bat;asm;asmx</Extensions>
    </Filter>
    <Filter Include="Header Files">
      <UniqueIdentifier>{93995380-89BD-4b04-88EB-625FBE52EBFB}</UniqueIdentifier>
      <Extensions>h;hh;hpp;hxx;h++;hm;inl;inc;ipp;xsd</Extensions>
    </Filter>
    <Filter Include="Resource Files">
      <UniqueIdentifier>{67DA6AB6-F800-4c08-8B7A-83BB121AAD01}</UniqueIdentifier>
      <Extensions>rc;ico;cur;bmp;dlg;rc2;rct;bin;rgs;gif;jpg;jpeg;jpe;resx;tiff;tif;png;wav;mfcribbon-ms</Extensions>
    </Filter>
  </ItemGroup>
  <ItemGroup>
    <ClCompile Include="QLSVmain.cpp">
      <Filter>Source Files</Filter>
    </ClCompile>
    <ClCompile Include="SV.cpp">
      <Filter>Source Files</Filter>
    </ClCompile>
    <ClCompile Include="QLSV.cpp">
      <Filter>Source Files</Filter>
    </ClCompile>
    <ClCompile Include="DBHelper.cpp">
      <Filter>Source Files</Filter>
    </ClCompile>
    <ClCompile Include="Diem.cpp">
      <Filter>Source Files</Filter>
    </ClCompile>
    <ClCompile Include="DanhSachDiem.cpp">
      <Filter>Source Files</Filter>
    </ClCompile>
    <ClCompile Include="ChuongTrinhHoc.cpp">
      <Filter>Source Files</Filter>
    </ClCompile>
    <ClCompile Include="Khoa.cpp">
      <Filter>Source Files</Filter>
    </ClCompile>
    <ClCompile Include="KhoaHoc.cpp">
      <Filter>Source Files</Filter>
    </ClCompile>
    <ClCompile Include="LopHocPhan.cpp">
      <Filter>Source Files</Filter>
    </ClCompile>
    <ClCompile Include="LopSH.cpp">
      <Filter>Source Files</Filter>
    </ClCompile>
    <ClCompile Include="Person.cpp">
      <Filter>Source Files</Filter>
    </ClCompile>
    <ClCompile Include="Subject.cpp">
      <Filter>Source Files</Filter>
    </ClCompile>
    <ClCompile Include="TKB.cpp">
      <Filter>Source Files</Filter>
    </ClCompile>
  </ItemGroup>
  <ItemGroup>
    <ClInclude Include="SV.h">
      <Filter>Header Files</Filter>
    </ClInclude>
    <ClInclude Include="QLSV.h">
      <Filter>Header Files</Filter>
    </ClInclude>
    <ClInclude Include="DBHelper.h">
      <Filter>Header Files</Filter>
    </ClInclude>
    <ClInclude Include="Diem.h">
      <Filter>Header Files</Filter>
    </ClInclude>
    <ClInclude Include="DanhSachDiem.h">
      <Filter>Header Files</Filter>
    </ClInclude>
    <ClInclude Include="ChuongTrinhHoc.h">
      <Filter>Header Files</Filter>
    </ClInclude>
    <ClInclude Include="Khoa.h">
      <Filter>Header Files</Filter>
    </ClInclude>
    <ClInclude Include="KhoaHoc.h">
      <Filter>Header Files</Filter>
    </ClInclude>
    <ClInclude Include="LopHocPhan.h">
      <Filter>Header Files</Filter>
    </ClInclude>
    <ClInclude Include="LopSH.h">
      <Filter>Header Files</Filter>
    </ClInclude>
    <ClInclude Include="Person.h">
      <Filter>Header Files</Filter>
    </ClInclude>
    <ClInclude Include="Subject.h">
      <Filter>Header Files</Filter>
    </ClInclude>
    <ClInclude Include="TKB.h">
      <Filter>Header Files</Filter>
    </ClInclude>
  </ItemGroup>
</Project>